
Microsoft Visual Studio Solution File, Format Version 12.00
# Visual Studio Version 17
VisualStudioVersion = 17.2.32616.157
MinimumVisualStudioVersion = 10.0.40219.1
Project("{9A19103F-16F7-4668-BE54-9A1E7A4F7556}") = "WebApplicationMVC", "WebApplicationMVC\WebApplicationMVC.csproj", "{1B3159DC-82F9-4AD4-90C1-005DAFF07186}"
EndProject
Project("{9A19103F-16F7-4668-BE54-9A1E7A4F7556}") = "DatabaseAccess", "DatabaseAccess\DatabaseAccess.csproj", "{55412AD1-ECD7-45E1-8677-1463D828EBBF}"
EndProject
Project("{9A19103F-16F7-4668-BE54-9A1E7A4F7556}") = "Core", "Core\Core.csproj", "{8579642A-8EA8-4FD2-8247-CFBF86E85544}"
EndProject
Global
	GlobalSection(SolutionConfigurationPlatforms) = preSolution
		Debug|Any CPU = Debug|Any CPU
		Release|Any CPU = Release|Any CPU
	EndGlobalSection
	GlobalSection(ProjectConfigurationPlatforms) = postSolution
		{1B3159DC-82F9-4AD4-90C1-005DAFF07186}.Debug|Any CPU.ActiveCfg = Debug|Any CPU
		{1B3159DC-82F9-4AD4-90C1-005DAFF07186}.Debug|Any CPU.Build.0 = Debug|Any CPU
		{1B3159DC-82F9-4AD4-90C1-005DAFF07186}.Release|Any CPU.ActiveCfg = Release|Any CPU
		{1B3159DC-82F9-4AD4-90C1-005DAFF07186}.Release|Any CPU.Build.0 = Release|Any CPU
		{55412AD1-ECD7-45E1-8677-1463D828EBBF}.Debug|Any CPU.ActiveCfg = Debug|Any CPU
		{55412AD1-ECD7-45E1-8677-1463D828EBBF}.Debug|Any CPU.Build.0 = Debug|Any CPU
		{55412AD1-ECD7-45E1-8677-1463D828EBBF}.Release|Any CPU.ActiveCfg = Release|Any CPU
		{55412AD1-ECD7-45E1-8677-1463D828EBBF}.Release|Any CPU.Build.0 = Release|Any CPU
		{8579642A-8EA8-4FD2-8247-CFBF86E85544}.Debug|Any CPU.ActiveCfg = Debug|Any CPU
		{8579642A-8EA8-4FD2-8247-CFBF86E85544}.Debug|Any CPU.Build.0 = Debug|Any CPU
		{8579642A-8EA8-4FD2-8247-CFBF86E85544}.Release|Any CPU.ActiveCfg = Release|Any CPU
		{8579642A-8EA8-4FD2-8247-CFBF86E85544}.Release|Any CPU.Build.0 = Release|Any CPU
	EndGlobalSection
	GlobalSection(SolutionProperties) = preSolution
		HideSolutionNode = FALSE
	EndGlobalSection
	GlobalSection(ExtensibilityGlobals) = postSolution
		SolutionGuid = {20A81A7A-608C-4170-86EF-482478C70A2A}
	EndGlobalSection
EndGlobal
